
Microsoft Visual Studio Solution File, Format Version 12.00
# Visual Studio Version 16
VisualStudioVersion = 16.0.29519.87
MinimumVisualStudioVersion = 10.0.40219.1
Project("{9A19103F-16F7-4668-BE54-9A1E7A4F7556}") = "Dictionary.Database", "src\Dictionary.Database\Dictionary.Database.csproj", "{682CA285-65D3-4CAE-B0BB-4AD01FA7DEAE}"
EndProject
Project("{9A19103F-16F7-4668-BE54-9A1E7A4F7556}") = "Dictionary.Services", "src\Dictionary.Services\Dictionary.Services.csproj", "{DACF438D-FE58-442A-A9BD-7BEDD2DDF0E6}"
EndProject
Project("{9A19103F-16F7-4668-BE54-9A1E7A4F7556}") = "Dictionary.Shared", "src\Dictionary.Shared\Dictionary.Shared.csproj", "{AD0E2A43-4BB2-4163-B591-26778DAB9FE6}"
EndProject
Project("{2150E333-8FDC-42A3-9474-1A3956D46DE8}") = "src", "src", "{505A84EB-F7FB-43A5-A53D-87B89B24EDA1}"
EndProject
Project("{2150E333-8FDC-42A3-9474-1A3956D46DE8}") = "Solution Items", "Solution Items", "{600E4491-D65E-4C3C-81E4-5E675B544579}"
	ProjectSection(SolutionItems) = preProject
		.gitignore = .gitignore
		Dockerfile = Dockerfile
		.dockerignore = .dockerignore
		readme.md = readme.md
		disable.gitlab-ci.yml = disable.gitlab-ci.yml
		docker-compose.yml = docker-compose.yml
		sonar-project.properties = sonar-project.properties
		Dockerfile.ARM = Dockerfile.ARM
	EndProjectSection
EndProject
Project("{FAE04EC0-301F-11D3-BF4B-00C04F79EFBC}") = "Dictionary.Web", "src\Dictionary.Web\Dictionary.Web.csproj", "{EF1BAD13-3010-47C8-A3AB-C362F595A33B}"
EndProject
Project("{2150E333-8FDC-42A3-9474-1A3956D46DE8}") = ".github", ".github", "{F66A3184-B416-4C52-AC21-519F5154C8DA}"
EndProject
Project("{2150E333-8FDC-42A3-9474-1A3956D46DE8}") = "workflows", "workflows", "{3380F5A7-8DE9-42B3-A200-92E5C8EBB5BE}"
ProjectSection(SolutionItems) = preProject
	.github\workflows\build.yml = .github\workflows\build.yml
EndProjectSection
EndProject
Project("{2150E333-8FDC-42A3-9474-1A3956D46DE8}") = "deploy", "deploy", "{FE217454-4892-41BC-BF41-0D31B6BA2280}"
ProjectSection(SolutionItems) = preProject
	deploy\linode.yaml = deploy\linode.yaml
	deploy\nginx\ingress.yaml = deploy\nginx\ingress.yaml
	deploy\gke.yaml = deploy\gke.yaml
	deploy\deployment.yaml = deploy\deployment.yaml
	deploy\aks.yaml = deploy\aks.yaml
	deploy\deployment.ARM.yaml = deploy\deployment.ARM.yaml
EndProjectSection
EndProject
Project("{2150E333-8FDC-42A3-9474-1A3956D46DE8}") = "istio", "istio", "{1C5E8A2E-55D7-4884-85EC-BAA07985B8C8}"
ProjectSection(SolutionItems) = preProject
	deploy\istio\virtual-service.yaml = deploy\istio\virtual-service.yaml
EndProjectSection
EndProject
Project("{2150E333-8FDC-42A3-9474-1A3956D46DE8}") = "traefik", "traefik", "{E4DB6152-A2D6-491A-8AC0-9EA6AD538056}"
ProjectSection(SolutionItems) = preProject
	deploy\traefik\ingress.yaml = deploy\traefik\ingress.yaml
EndProjectSection
EndProject
Global
	GlobalSection(SolutionConfigurationPlatforms) = preSolution
		Debug|Any CPU = Debug|Any CPU
		Release|Any CPU = Release|Any CPU
	EndGlobalSection
	GlobalSection(ProjectConfigurationPlatforms) = postSolution
		{682CA285-65D3-4CAE-B0BB-4AD01FA7DEAE}.Debug|Any CPU.ActiveCfg = Debug|Any CPU
		{682CA285-65D3-4CAE-B0BB-4AD01FA7DEAE}.Debug|Any CPU.Build.0 = Debug|Any CPU
		{682CA285-65D3-4CAE-B0BB-4AD01FA7DEAE}.Release|Any CPU.ActiveCfg = Release|Any CPU
		{682CA285-65D3-4CAE-B0BB-4AD01FA7DEAE}.Release|Any CPU.Build.0 = Release|Any CPU
		{DACF438D-FE58-442A-A9BD-7BEDD2DDF0E6}.Debug|Any CPU.ActiveCfg = Debug|Any CPU
		{DACF438D-FE58-442A-A9BD-7BEDD2DDF0E6}.Debug|Any CPU.Build.0 = Debug|Any CPU
		{DACF438D-FE58-442A-A9BD-7BEDD2DDF0E6}.Release|Any CPU.ActiveCfg = Release|Any CPU
		{DACF438D-FE58-442A-A9BD-7BEDD2DDF0E6}.Release|Any CPU.Build.0 = Release|Any CPU
		{AD0E2A43-4BB2-4163-B591-26778DAB9FE6}.Debug|Any CPU.ActiveCfg = Debug|Any CPU
		{AD0E2A43-4BB2-4163-B591-26778DAB9FE6}.Debug|Any CPU.Build.0 = Debug|Any CPU
		{AD0E2A43-4BB2-4163-B591-26778DAB9FE6}.Release|Any CPU.ActiveCfg = Release|Any CPU
		{AD0E2A43-4BB2-4163-B591-26778DAB9FE6}.Release|Any CPU.Build.0 = Release|Any CPU
		{EF1BAD13-3010-47C8-A3AB-C362F595A33B}.Debug|Any CPU.ActiveCfg = Debug|Any CPU
		{EF1BAD13-3010-47C8-A3AB-C362F595A33B}.Debug|Any CPU.Build.0 = Debug|Any CPU
		{EF1BAD13-3010-47C8-A3AB-C362F595A33B}.Release|Any CPU.ActiveCfg = Release|Any CPU
		{EF1BAD13-3010-47C8-A3AB-C362F595A33B}.Release|Any CPU.Build.0 = Release|Any CPU
	EndGlobalSection
	GlobalSection(SolutionProperties) = preSolution
		HideSolutionNode = FALSE
	EndGlobalSection
	GlobalSection(NestedProjects) = preSolution
		{682CA285-65D3-4CAE-B0BB-4AD01FA7DEAE} = {505A84EB-F7FB-43A5-A53D-87B89B24EDA1}
		{DACF438D-FE58-442A-A9BD-7BEDD2DDF0E6} = {505A84EB-F7FB-43A5-A53D-87B89B24EDA1}
		{AD0E2A43-4BB2-4163-B591-26778DAB9FE6} = {505A84EB-F7FB-43A5-A53D-87B89B24EDA1}
		{EF1BAD13-3010-47C8-A3AB-C362F595A33B} = {505A84EB-F7FB-43A5-A53D-87B89B24EDA1}
		{F66A3184-B416-4C52-AC21-519F5154C8DA} = {600E4491-D65E-4C3C-81E4-5E675B544579}
		{3380F5A7-8DE9-42B3-A200-92E5C8EBB5BE} = {F66A3184-B416-4C52-AC21-519F5154C8DA}
		{FE217454-4892-41BC-BF41-0D31B6BA2280} = {600E4491-D65E-4C3C-81E4-5E675B544579}
		{1C5E8A2E-55D7-4884-85EC-BAA07985B8C8} = {FE217454-4892-41BC-BF41-0D31B6BA2280}
		{E4DB6152-A2D6-491A-8AC0-9EA6AD538056} = {FE217454-4892-41BC-BF41-0D31B6BA2280}
	EndGlobalSection
	GlobalSection(ExtensibilityGlobals) = postSolution
		SolutionGuid = {1B6C7B6D-E669-4C4C-9947-48E0417D3E82}
	EndGlobalSection
EndGlobal
